
Microsoft Visual Studio Solution File, Format Version 12.00
# Visual Studio Version 17
VisualStudioVersion = 17.2.32616.157
MinimumVisualStudioVersion = 10.0.40219.1
Project("{FAE04EC0-301F-11D3-BF4B-00C04F79EFBC}") = "NetFramework.S01.D01.DegiskenNedir", "NetFramework.S01.D01.DegiskenNedir.csproj", "{5006F25A-D43D-44C8-91B2-93FC77F8ECCC}"
EndProject
Global
	GlobalSection(SolutionConfigurationPlatforms) = preSolution
		Debug|Any CPU = Debug|Any CPU
		Release|Any CPU = Release|Any CPU
	EndGlobalSection
	GlobalSection(ProjectConfigurationPlatforms) = postSolution
		{5006F25A-D43D-44C8-91B2-93FC77F8ECCC}.Debug|Any CPU.ActiveCfg = Debug|Any CPU
		{5006F25A-D43D-44C8-91B2-93FC77F8ECCC}.Debug|Any CPU.Build.0 = Debug|Any CPU
		{5006F25A-D43D-44C8-91B2-93FC77F8ECCC}.Release|Any CPU.ActiveCfg = Release|Any CPU
		{5006F25A-D43D-44C8-91B2-93FC77F8ECCC}.Release|Any CPU.Build.0 = Release|Any CPU
	EndGlobalSection
	GlobalSection(SolutionProperties) = preSolution
		HideSolutionNode = FALSE
	EndGlobalSection
	GlobalSection(ExtensibilityGlobals) = postSolution
		SolutionGuid = {D13A98A8-6B22-4A32-A399-33D05AC606EB}
	EndGlobalSection
EndGlobal
