
Microsoft Visual Studio Solution File, Format Version 12.00
# Visual Studio Version 17
VisualStudioVersion = 17.2.32616.157
MinimumVisualStudioVersion = 10.0.40219.1
Project("{FAE04EC0-301F-11D3-BF4B-00C04F79EFBC}") = "NetFramework.S01.D7.Var_Object_Dynamic_Farklari", "NetFramework.S01.D7.Var_Object_Dynamic_Farklari.csproj", "{27FF8634-79E1-4BCE-8BB4-C0AFC69CBF1B}"
EndProject
Global
	GlobalSection(SolutionConfigurationPlatforms) = preSolution
		Debug|Any CPU = Debug|Any CPU
		Release|Any CPU = Release|Any CPU
	EndGlobalSection
	GlobalSection(ProjectConfigurationPlatforms) = postSolution
		{27FF8634-79E1-4BCE-8BB4-C0AFC69CBF1B}.Debug|Any CPU.ActiveCfg = Debug|Any CPU
		{27FF8634-79E1-4BCE-8BB4-C0AFC69CBF1B}.Debug|Any CPU.Build.0 = Debug|Any CPU
		{27FF8634-79E1-4BCE-8BB4-C0AFC69CBF1B}.Release|Any CPU.ActiveCfg = Release|Any CPU
		{27FF8634-79E1-4BCE-8BB4-C0AFC69CBF1B}.Release|Any CPU.Build.0 = Release|Any CPU
	EndGlobalSection
	GlobalSection(SolutionProperties) = preSolution
		HideSolutionNode = FALSE
	EndGlobalSection
	GlobalSection(ExtensibilityGlobals) = postSolution
		SolutionGuid = {5EF9B9A5-81BA-4D8B-A723-3332DCCD58F8}
	EndGlobalSection
EndGlobal
