
Microsoft Visual Studio Solution File, Format Version 12.00
# Visual Studio Version 17
VisualStudioVersion = 17.2.32616.157
MinimumVisualStudioVersion = 10.0.40219.1
Project("{FAE04EC0-301F-11D3-BF4B-00C04F79EFBC}") = "NetFramework.S01.D02.DegiskenlerinDavranislari", "NetFramework.S01.D02.DegiskenlerinDavranislari.csproj", "{1078AD71-1D8B-4F09-B5E9-5DBF3C6F6093}"
EndProject
Global
	GlobalSection(SolutionConfigurationPlatforms) = preSolution
		Debug|Any CPU = Debug|Any CPU
		Release|Any CPU = Release|Any CPU
	EndGlobalSection
	GlobalSection(ProjectConfigurationPlatforms) = postSolution
		{1078AD71-1D8B-4F09-B5E9-5DBF3C6F6093}.Debug|Any CPU.ActiveCfg = Debug|Any CPU
		{1078AD71-1D8B-4F09-B5E9-5DBF3C6F6093}.Debug|Any CPU.Build.0 = Debug|Any CPU
		{1078AD71-1D8B-4F09-B5E9-5DBF3C6F6093}.Release|Any CPU.ActiveCfg = Release|Any CPU
		{1078AD71-1D8B-4F09-B5E9-5DBF3C6F6093}.Release|Any CPU.Build.0 = Release|Any CPU
	EndGlobalSection
	GlobalSection(SolutionProperties) = preSolution
		HideSolutionNode = FALSE
	EndGlobalSection
	GlobalSection(ExtensibilityGlobals) = postSolution
		SolutionGuid = {71FE40E4-A81D-4AF2-B8A4-96F88217141D}
	EndGlobalSection
EndGlobal
