
Microsoft Visual Studio Solution File, Format Version 12.00
# Visual Studio Version 17
VisualStudioVersion = 17.2.32616.157
MinimumVisualStudioVersion = 10.0.40219.1
Project("{FAE04EC0-301F-11D3-BF4B-00C04F79EFBC}") = "NetFramework.S01.D03.DegiskenlerinFaaliyetAlanlari", "NetFramework.S01.D03.DegiskenlerinFaaliyetAlanlari.csproj", "{49F8AF90-A6C8-4B29-BF96-3A4B58791CBC}"
EndProject
Global
	GlobalSection(SolutionConfigurationPlatforms) = preSolution
		Debug|Any CPU = Debug|Any CPU
		Release|Any CPU = Release|Any CPU
	EndGlobalSection
	GlobalSection(ProjectConfigurationPlatforms) = postSolution
		{49F8AF90-A6C8-4B29-BF96-3A4B58791CBC}.Debug|Any CPU.ActiveCfg = Debug|Any CPU
		{49F8AF90-A6C8-4B29-BF96-3A4B58791CBC}.Debug|Any CPU.Build.0 = Debug|Any CPU
		{49F8AF90-A6C8-4B29-BF96-3A4B58791CBC}.Release|Any CPU.ActiveCfg = Release|Any CPU
		{49F8AF90-A6C8-4B29-BF96-3A4B58791CBC}.Release|Any CPU.Build.0 = Release|Any CPU
	EndGlobalSection
	GlobalSection(SolutionProperties) = preSolution
		HideSolutionNode = FALSE
	EndGlobalSection
	GlobalSection(ExtensibilityGlobals) = postSolution
		SolutionGuid = {D87428DA-1BE7-4E60-9AD5-04566A08DB80}
	EndGlobalSection
EndGlobal
